
Microsoft Visual Studio Solution File, Format Version 12.00
# Visual Studio Version 17
VisualStudioVersion = 17.4.33122.133
MinimumVisualStudioVersion = 10.0.40219.1
Project("{9A19103F-16F7-4668-BE54-9A1E7A4F7556}") = "back", "back\back.csproj", "{62A3C147-D733-4272-A080-01555E7215F9}"
EndProject
Project("{9A19103F-16F7-4668-BE54-9A1E7A4F7556}") = "BotDiscord", "..\BotDiscord\BotDiscord\BotDiscord.csproj", "{84D27CB0-B84B-49A7-9648-3BAADE12FB9D}"
EndProject
Global
	GlobalSection(SolutionConfigurationPlatforms) = preSolution
		Debug|Any CPU = Debug|Any CPU
		Release|Any CPU = Release|Any CPU
	EndGlobalSection
	GlobalSection(ProjectConfigurationPlatforms) = postSolution
		{62A3C147-D733-4272-A080-01555E7215F9}.Debug|Any CPU.ActiveCfg = Debug|Any CPU
		{62A3C147-D733-4272-A080-01555E7215F9}.Debug|Any CPU.Build.0 = Debug|Any CPU
		{62A3C147-D733-4272-A080-01555E7215F9}.Release|Any CPU.ActiveCfg = Release|Any CPU
		{62A3C147-D733-4272-A080-01555E7215F9}.Release|Any CPU.Build.0 = Release|Any CPU
		{84D27CB0-B84B-49A7-9648-3BAADE12FB9D}.Debug|Any CPU.ActiveCfg = Debug|Any CPU
		{84D27CB0-B84B-49A7-9648-3BAADE12FB9D}.Debug|Any CPU.Build.0 = Debug|Any CPU
		{84D27CB0-B84B-49A7-9648-3BAADE12FB9D}.Release|Any CPU.ActiveCfg = Release|Any CPU
		{84D27CB0-B84B-49A7-9648-3BAADE12FB9D}.Release|Any CPU.Build.0 = Release|Any CPU
	EndGlobalSection
	GlobalSection(SolutionProperties) = preSolution
		HideSolutionNode = FALSE
	EndGlobalSection
	GlobalSection(ExtensibilityGlobals) = postSolution
		SolutionGuid = {5E3F61B9-14F6-476A-8001-9ADD328F6CE4}
	EndGlobalSection
EndGlobal
